
Microsoft Visual Studio Solution File, Format Version 12.00
# Visual Studio 15
VisualStudioVersion = 15.0.26730.16
MinimumVisualStudioVersion = 10.0.40219.1
Project("{8BC9CEB8-8B4A-11D0-8D11-00A0C91BC942}") = "tlv", "tlv.vcxproj", "{110D2636-E172-4BA3-A99A-1881B629AFB9}"
EndProject
Project("{8BC9CEB8-8B4A-11D0-8D11-00A0C91BC942}") = "tlv_unittest", "tlv_unittest.vcxproj", "{DA38F444-AB75-4291-8FE0-7A954568D041}"
EndProject
Global
	GlobalSection(SolutionConfigurationPlatforms) = preSolution
		Debug|x64 = Debug|x64
		Debug|x86 = Debug|x86
		Release|x64 = Release|x64
		Release|x86 = Release|x86
	EndGlobalSection
	GlobalSection(ProjectConfigurationPlatforms) = postSolution
		{110D2636-E172-4BA3-A99A-1881B629AFB9}.Debug|x64.ActiveCfg = Debug|x64
		{110D2636-E172-4BA3-A99A-1881B629AFB9}.Debug|x64.Build.0 = Debug|x64
		{110D2636-E172-4BA3-A99A-1881B629AFB9}.Debug|x86.ActiveCfg = Debug|Win32
		{110D2636-E172-4BA3-A99A-1881B629AFB9}.Debug|x86.Build.0 = Debug|Win32
		{110D2636-E172-4BA3-A99A-1881B629AFB9}.Release|x64.ActiveCfg = Release|x64
		{110D2636-E172-4BA3-A99A-1881B629AFB9}.Release|x64.Build.0 = Release|x64
		{110D2636-E172-4BA3-A99A-1881B629AFB9}.Release|x86.ActiveCfg = Release|Win32
		{110D2636-E172-4BA3-A99A-1881B629AFB9}.Release|x86.Build.0 = Release|Win32
		{DA38F444-AB75-4291-8FE0-7A954568D041}.Debug|x64.ActiveCfg = Debug|x64
		{DA38F444-AB75-4291-8FE0-7A954568D041}.Debug|x64.Build.0 = Debug|x64
		{DA38F444-AB75-4291-8FE0-7A954568D041}.Debug|x86.ActiveCfg = Debug|Win32
		{DA38F444-AB75-4291-8FE0-7A954568D041}.Debug|x86.Build.0 = Debug|Win32
		{DA38F444-AB75-4291-8FE0-7A954568D041}.Release|x64.ActiveCfg = Release|x64
		{DA38F444-AB75-4291-8FE0-7A954568D041}.Release|x64.Build.0 = Release|x64
		{DA38F444-AB75-4291-8FE0-7A954568D041}.Release|x86.ActiveCfg = Release|Win32
		{DA38F444-AB75-4291-8FE0-7A954568D041}.Release|x86.Build.0 = Release|Win32
	EndGlobalSection
	GlobalSection(SolutionProperties) = preSolution
		HideSolutionNode = FALSE
	EndGlobalSection
	GlobalSection(ExtensibilityGlobals) = postSolution
		SolutionGuid = {05540BE5-F211-4ADC-AC58-4E3DBBC4785D}
	EndGlobalSection
EndGlobal
